
Microsoft Visual Studio Solution File, Format Version 12.00
# Visual Studio Version 16
VisualStudioVersion = 16.0.28922.388
MinimumVisualStudioVersion = 10.0.40219.1
Project("{9A19103F-16F7-4668-BE54-9A1E7A4F7556}") = "Web", "src\Web\Web.csproj", "{4B0A342F-E038-4CD9-8619-59944B5AF240}"
EndProject
Project("{9A19103F-16F7-4668-BE54-9A1E7A4F7556}") = "Tests", "tests\Tests\Tests.csproj", "{6B2B1E0A-F0BC-42EA-8A9D-0F76D48CB090}"
EndProject
Project("{6EC3EE1D-3C4E-46DD-8F32-0CC8E7565705}") = "WebFs", "src\WebFs\WebFs.fsproj", "{58520F62-D3A8-4CE2-89E8-69E3056518E8}"
EndProject
Project("{2150E333-8FDC-42A3-9474-1A3956D46DE8}") = "tests", "tests", "{6C18C4D4-FC27-4043-A81A-D027B3E71245}"
EndProject
Project("{2150E333-8FDC-42A3-9474-1A3956D46DE8}") = "src", "src", "{4688F40B-D4FB-4A99-AE88-43C94AA87C12}"
EndProject
Project("{2150E333-8FDC-42A3-9474-1A3956D46DE8}") = "migrations", "migrations", "{EC989A09-5852-4685-834D-53BB52BACDE1}"
EndProject
Project("{6EC3EE1D-3C4E-46DD-8F32-0CC8E7565705}") = "FsMigrations", "migrations\FsMigrations\FsMigrations.fsproj", "{F3AC04DB-A37D-4119-A97E-9C3B7A9D4C0B}"
EndProject
Project("{6EC3EE1D-3C4E-46DD-8F32-0CC8E7565705}") = "FsTests", "tests\FsTests\FsTests.fsproj", "{BAEA86AD-4364-4D85-B463-7661EC7D9B24}"
EndProject
Project("{F2A71F9B-5D33-465A-A702-920D77279786}") = "SaitheSystemTextJson", "src\SaitheSystemTextJson\SaitheSystemTextJson.fsproj", "{82683859-B134-440D-9969-E6ACD3613CF0}"
EndProject
Global
	GlobalSection(SolutionConfigurationPlatforms) = preSolution
		Debug|Any CPU = Debug|Any CPU
		Debug|x64 = Debug|x64
		Debug|x86 = Debug|x86
		Release|Any CPU = Release|Any CPU
		Release|x64 = Release|x64
		Release|x86 = Release|x86
	EndGlobalSection
	GlobalSection(ProjectConfigurationPlatforms) = postSolution
		{4B0A342F-E038-4CD9-8619-59944B5AF240}.Debug|Any CPU.ActiveCfg = Debug|Any CPU
		{4B0A342F-E038-4CD9-8619-59944B5AF240}.Debug|Any CPU.Build.0 = Debug|Any CPU
		{4B0A342F-E038-4CD9-8619-59944B5AF240}.Debug|x64.ActiveCfg = Debug|Any CPU
		{4B0A342F-E038-4CD9-8619-59944B5AF240}.Debug|x64.Build.0 = Debug|Any CPU
		{4B0A342F-E038-4CD9-8619-59944B5AF240}.Debug|x86.ActiveCfg = Debug|Any CPU
		{4B0A342F-E038-4CD9-8619-59944B5AF240}.Debug|x86.Build.0 = Debug|Any CPU
		{4B0A342F-E038-4CD9-8619-59944B5AF240}.Release|Any CPU.ActiveCfg = Release|Any CPU
		{4B0A342F-E038-4CD9-8619-59944B5AF240}.Release|Any CPU.Build.0 = Release|Any CPU
		{4B0A342F-E038-4CD9-8619-59944B5AF240}.Release|x64.ActiveCfg = Release|Any CPU
		{4B0A342F-E038-4CD9-8619-59944B5AF240}.Release|x64.Build.0 = Release|Any CPU
		{4B0A342F-E038-4CD9-8619-59944B5AF240}.Release|x86.ActiveCfg = Release|Any CPU
		{4B0A342F-E038-4CD9-8619-59944B5AF240}.Release|x86.Build.0 = Release|Any CPU
		{6B2B1E0A-F0BC-42EA-8A9D-0F76D48CB090}.Debug|Any CPU.ActiveCfg = Debug|Any CPU
		{6B2B1E0A-F0BC-42EA-8A9D-0F76D48CB090}.Debug|Any CPU.Build.0 = Debug|Any CPU
		{6B2B1E0A-F0BC-42EA-8A9D-0F76D48CB090}.Debug|x64.ActiveCfg = Debug|Any CPU
		{6B2B1E0A-F0BC-42EA-8A9D-0F76D48CB090}.Debug|x64.Build.0 = Debug|Any CPU
		{6B2B1E0A-F0BC-42EA-8A9D-0F76D48CB090}.Debug|x86.ActiveCfg = Debug|Any CPU
		{6B2B1E0A-F0BC-42EA-8A9D-0F76D48CB090}.Debug|x86.Build.0 = Debug|Any CPU
		{6B2B1E0A-F0BC-42EA-8A9D-0F76D48CB090}.Release|Any CPU.ActiveCfg = Release|Any CPU
		{6B2B1E0A-F0BC-42EA-8A9D-0F76D48CB090}.Release|Any CPU.Build.0 = Release|Any CPU
		{6B2B1E0A-F0BC-42EA-8A9D-0F76D48CB090}.Release|x64.ActiveCfg = Release|Any CPU
		{6B2B1E0A-F0BC-42EA-8A9D-0F76D48CB090}.Release|x64.Build.0 = Release|Any CPU
		{6B2B1E0A-F0BC-42EA-8A9D-0F76D48CB090}.Release|x86.ActiveCfg = Release|Any CPU
		{6B2B1E0A-F0BC-42EA-8A9D-0F76D48CB090}.Release|x86.Build.0 = Release|Any CPU
		{58520F62-D3A8-4CE2-89E8-69E3056518E8}.Debug|Any CPU.ActiveCfg = Debug|Any CPU
		{58520F62-D3A8-4CE2-89E8-69E3056518E8}.Debug|Any CPU.Build.0 = Debug|Any CPU
		{58520F62-D3A8-4CE2-89E8-69E3056518E8}.Debug|x64.ActiveCfg = Debug|Any CPU
		{58520F62-D3A8-4CE2-89E8-69E3056518E8}.Debug|x64.Build.0 = Debug|Any CPU
		{58520F62-D3A8-4CE2-89E8-69E3056518E8}.Debug|x86.ActiveCfg = Debug|Any CPU
		{58520F62-D3A8-4CE2-89E8-69E3056518E8}.Debug|x86.Build.0 = Debug|Any CPU
		{58520F62-D3A8-4CE2-89E8-69E3056518E8}.Release|Any CPU.ActiveCfg = Release|Any CPU
		{58520F62-D3A8-4CE2-89E8-69E3056518E8}.Release|Any CPU.Build.0 = Release|Any CPU
		{58520F62-D3A8-4CE2-89E8-69E3056518E8}.Release|x64.ActiveCfg = Release|Any CPU
		{58520F62-D3A8-4CE2-89E8-69E3056518E8}.Release|x64.Build.0 = Release|Any CPU
		{58520F62-D3A8-4CE2-89E8-69E3056518E8}.Release|x86.ActiveCfg = Release|Any CPU
		{58520F62-D3A8-4CE2-89E8-69E3056518E8}.Release|x86.Build.0 = Release|Any CPU
		{F3AC04DB-A37D-4119-A97E-9C3B7A9D4C0B}.Debug|Any CPU.ActiveCfg = Debug|Any CPU
		{F3AC04DB-A37D-4119-A97E-9C3B7A9D4C0B}.Debug|Any CPU.Build.0 = Debug|Any CPU
		{F3AC04DB-A37D-4119-A97E-9C3B7A9D4C0B}.Debug|x64.ActiveCfg = Debug|Any CPU
		{F3AC04DB-A37D-4119-A97E-9C3B7A9D4C0B}.Debug|x64.Build.0 = Debug|Any CPU
		{F3AC04DB-A37D-4119-A97E-9C3B7A9D4C0B}.Debug|x86.ActiveCfg = Debug|Any CPU
		{F3AC04DB-A37D-4119-A97E-9C3B7A9D4C0B}.Debug|x86.Build.0 = Debug|Any CPU
		{F3AC04DB-A37D-4119-A97E-9C3B7A9D4C0B}.Release|Any CPU.ActiveCfg = Release|Any CPU
		{F3AC04DB-A37D-4119-A97E-9C3B7A9D4C0B}.Release|Any CPU.Build.0 = Release|Any CPU
		{F3AC04DB-A37D-4119-A97E-9C3B7A9D4C0B}.Release|x64.ActiveCfg = Release|Any CPU
		{F3AC04DB-A37D-4119-A97E-9C3B7A9D4C0B}.Release|x64.Build.0 = Release|Any CPU
		{F3AC04DB-A37D-4119-A97E-9C3B7A9D4C0B}.Release|x86.ActiveCfg = Release|Any CPU
		{F3AC04DB-A37D-4119-A97E-9C3B7A9D4C0B}.Release|x86.Build.0 = Release|Any CPU
		{BAEA86AD-4364-4D85-B463-7661EC7D9B24}.Debug|Any CPU.ActiveCfg = Debug|Any CPU
		{BAEA86AD-4364-4D85-B463-7661EC7D9B24}.Debug|Any CPU.Build.0 = Debug|Any CPU
		{BAEA86AD-4364-4D85-B463-7661EC7D9B24}.Debug|x64.ActiveCfg = Debug|Any CPU
		{BAEA86AD-4364-4D85-B463-7661EC7D9B24}.Debug|x64.Build.0 = Debug|Any CPU
		{BAEA86AD-4364-4D85-B463-7661EC7D9B24}.Debug|x86.ActiveCfg = Debug|Any CPU
		{BAEA86AD-4364-4D85-B463-7661EC7D9B24}.Debug|x86.Build.0 = Debug|Any CPU
		{BAEA86AD-4364-4D85-B463-7661EC7D9B24}.Release|Any CPU.ActiveCfg = Release|Any CPU
		{BAEA86AD-4364-4D85-B463-7661EC7D9B24}.Release|Any CPU.Build.0 = Release|Any CPU
		{BAEA86AD-4364-4D85-B463-7661EC7D9B24}.Release|x64.ActiveCfg = Release|Any CPU
		{BAEA86AD-4364-4D85-B463-7661EC7D9B24}.Release|x64.Build.0 = Release|Any CPU
		{BAEA86AD-4364-4D85-B463-7661EC7D9B24}.Release|x86.ActiveCfg = Release|Any CPU
		{BAEA86AD-4364-4D85-B463-7661EC7D9B24}.Release|x86.Build.0 = Release|Any CPU
		{82683859-B134-440D-9969-E6ACD3613CF0}.Debug|Any CPU.ActiveCfg = Debug|Any CPU
		{82683859-B134-440D-9969-E6ACD3613CF0}.Debug|Any CPU.Build.0 = Debug|Any CPU
		{82683859-B134-440D-9969-E6ACD3613CF0}.Debug|x64.ActiveCfg = Debug|Any CPU
		{82683859-B134-440D-9969-E6ACD3613CF0}.Debug|x64.Build.0 = Debug|Any CPU
		{82683859-B134-440D-9969-E6ACD3613CF0}.Debug|x86.ActiveCfg = Debug|Any CPU
		{82683859-B134-440D-9969-E6ACD3613CF0}.Debug|x86.Build.0 = Debug|Any CPU
		{82683859-B134-440D-9969-E6ACD3613CF0}.Release|Any CPU.ActiveCfg = Release|Any CPU
		{82683859-B134-440D-9969-E6ACD3613CF0}.Release|Any CPU.Build.0 = Release|Any CPU
		{82683859-B134-440D-9969-E6ACD3613CF0}.Release|x64.ActiveCfg = Release|Any CPU
		{82683859-B134-440D-9969-E6ACD3613CF0}.Release|x64.Build.0 = Release|Any CPU
		{82683859-B134-440D-9969-E6ACD3613CF0}.Release|x86.ActiveCfg = Release|Any CPU
		{82683859-B134-440D-9969-E6ACD3613CF0}.Release|x86.Build.0 = Release|Any CPU
	EndGlobalSection
	GlobalSection(SolutionProperties) = preSolution
		HideSolutionNode = FALSE
	EndGlobalSection
	GlobalSection(NestedProjects) = preSolution
		{4B0A342F-E038-4CD9-8619-59944B5AF240} = {4688F40B-D4FB-4A99-AE88-43C94AA87C12}
		{6B2B1E0A-F0BC-42EA-8A9D-0F76D48CB090} = {6C18C4D4-FC27-4043-A81A-D027B3E71245}
		{58520F62-D3A8-4CE2-89E8-69E3056518E8} = {4688F40B-D4FB-4A99-AE88-43C94AA87C12}
		{F3AC04DB-A37D-4119-A97E-9C3B7A9D4C0B} = {EC989A09-5852-4685-834D-53BB52BACDE1}
		{BAEA86AD-4364-4D85-B463-7661EC7D9B24} = {6C18C4D4-FC27-4043-A81A-D027B3E71245}
		{82683859-B134-440D-9969-E6ACD3613CF0} = {4688F40B-D4FB-4A99-AE88-43C94AA87C12}
	EndGlobalSection
	GlobalSection(ExtensibilityGlobals) = postSolution
		SolutionGuid = {79D50E74-2262-44D9-82B3-A73EBC140AF4}
	EndGlobalSection
EndGlobal
